
Microsoft Visual Studio Solution File, Format Version 12.00
# Visual Studio 15
VisualStudioVersion = 15.0.26608.5
MinimumVisualStudioVersion = 10.0.40219.1
Project("{151D2E53-A2C4-4D7D-83FE-D05416EBD58E}") = "oneDrive_to_d365_logic_app", "oneDrive_to_d365_logic_app\oneDrive_to_d365_logic_app.deployproj", "{B1E4521B-8591-4BB3-8448-800A608AA978}"
EndProject
Project("{151D2E53-A2C4-4D7D-83FE-D05416EBD58E}") = "d365_to_oneDrive_logic_app", "d365_to_oneDrive_logic_app\d365_to_oneDrive_logic_app.deployproj", "{2EF8F373-C333-40F9-8EB8-B72A5D99E335}"
EndProject
Global
	GlobalSection(SolutionConfigurationPlatforms) = preSolution
		Debug|Any CPU = Debug|Any CPU
		Release|Any CPU = Release|Any CPU
	EndGlobalSection
	GlobalSection(ProjectConfigurationPlatforms) = postSolution
		{B1E4521B-8591-4BB3-8448-800A608AA978}.Debug|Any CPU.ActiveCfg = Debug|Any CPU
		{B1E4521B-8591-4BB3-8448-800A608AA978}.Debug|Any CPU.Build.0 = Debug|Any CPU
		{B1E4521B-8591-4BB3-8448-800A608AA978}.Release|Any CPU.ActiveCfg = Release|Any CPU
		{B1E4521B-8591-4BB3-8448-800A608AA978}.Release|Any CPU.Build.0 = Release|Any CPU
		{2EF8F373-C333-40F9-8EB8-B72A5D99E335}.Debug|Any CPU.ActiveCfg = Debug|Any CPU
		{2EF8F373-C333-40F9-8EB8-B72A5D99E335}.Debug|Any CPU.Build.0 = Debug|Any CPU
		{2EF8F373-C333-40F9-8EB8-B72A5D99E335}.Release|Any CPU.ActiveCfg = Release|Any CPU
		{2EF8F373-C333-40F9-8EB8-B72A5D99E335}.Release|Any CPU.Build.0 = Release|Any CPU
	EndGlobalSection
	GlobalSection(SolutionProperties) = preSolution
		HideSolutionNode = FALSE
	EndGlobalSection
EndGlobal
