
Microsoft Visual Studio Solution File, Format Version 12.00
# Visual Studio 14
VisualStudioVersion = 14.0.25420.1
MinimumVisualStudioVersion = 10.0.40219.1
Project("{FAE04EC0-301F-11D3-BF4B-00C04F79EFBC}") = "DataPackageHandler", "DataPackageHandler.csproj", "{FF96F510-362A-4054-9BD1-7517898425C5}"
EndProject
Project("{FAE04EC0-301F-11D3-BF4B-00C04F79EFBC}") = "ODataClient", "..\ODataClient\ODataClient.csproj", "{5813E6A9-1ACB-4DB5-B020-3C3E0BBD9D19}"
EndProject
Project("{FAE04EC0-301F-11D3-BF4B-00C04F79EFBC}") = "AuthorizationHelper", "AuthorizationHelper\AuthorizationHelper.csproj", "{6206B3DF-4475-4A6B-9F06-DA966827903B}"
EndProject
Global
	GlobalSection(SolutionConfigurationPlatforms) = preSolution
		Debug|Any CPU = Debug|Any CPU
		Release|Any CPU = Release|Any CPU
	EndGlobalSection
	GlobalSection(ProjectConfigurationPlatforms) = postSolution
		{FF96F510-362A-4054-9BD1-7517898425C5}.Debug|Any CPU.ActiveCfg = Debug|Any CPU
		{FF96F510-362A-4054-9BD1-7517898425C5}.Debug|Any CPU.Build.0 = Debug|Any CPU
		{FF96F510-362A-4054-9BD1-7517898425C5}.Release|Any CPU.ActiveCfg = Release|Any CPU
		{FF96F510-362A-4054-9BD1-7517898425C5}.Release|Any CPU.Build.0 = Release|Any CPU
		{5813E6A9-1ACB-4DB5-B020-3C3E0BBD9D19}.Debug|Any CPU.ActiveCfg = Debug|Any CPU
		{5813E6A9-1ACB-4DB5-B020-3C3E0BBD9D19}.Debug|Any CPU.Build.0 = Debug|Any CPU
		{5813E6A9-1ACB-4DB5-B020-3C3E0BBD9D19}.Release|Any CPU.ActiveCfg = Release|Any CPU
		{5813E6A9-1ACB-4DB5-B020-3C3E0BBD9D19}.Release|Any CPU.Build.0 = Release|Any CPU
		{6206B3DF-4475-4A6B-9F06-DA966827903B}.Debug|Any CPU.ActiveCfg = Debug|Any CPU
		{6206B3DF-4475-4A6B-9F06-DA966827903B}.Debug|Any CPU.Build.0 = Debug|Any CPU
		{6206B3DF-4475-4A6B-9F06-DA966827903B}.Release|Any CPU.ActiveCfg = Release|Any CPU
		{6206B3DF-4475-4A6B-9F06-DA966827903B}.Release|Any CPU.Build.0 = Release|Any CPU
	EndGlobalSection
	GlobalSection(SolutionProperties) = preSolution
		HideSolutionNode = FALSE
	EndGlobalSection
EndGlobal
